// !$*UTF8*$!
{
	archiveVersion = 1;
	classes = {
	};
	objectVersion = 56;
	objects = {

/* Begin PBXBuildFile section */
		769553312B92AE950057360C /* Lab77App.swift in Sources */ = {isa = PBXBuildFile; fileRef = 769553302B92AE950057360C /* Lab77App.swift */; };
		769553332B92AE950057360C /* ContentView.swift in Sources */ = {isa = PBXBuildFile; fileRef = 769553322B92AE950057360C /* ContentView.swift */; };
		769553352B92AE970057360C /* Assets.xcassets in Resources */ = {isa = PBXBuildFile; fileRef = 769553342B92AE970057360C /* Assets.xcassets */; };
		769553382B92AE970057360C /* Preview Assets.xcassets in Resources */ = {isa = PBXBuildFile; fileRef = 769553372B92AE970057360C /* Preview Assets.xcassets */; };
		769553422B92AE970057360C /* Lab77Tests.swift in Sources */ = {isa = PBXBuildFile; fileRef = 769553412B92AE970057360C /* Lab77Tests.swift */; };
		7695534C2B92AE970057360C /* Lab77UITests.swift in Sources */ = {isa = PBXBuildFile; fileRef = 7695534B2B92AE970057360C /* Lab77UITests.swift */; };
		7695534E2B92AE970057360C /* Lab77UITestsLaunchTests.swift in Sources */ = {isa = PBXBuildFile; fileRef = 7695534D2B92AE970057360C /* Lab77UITestsLaunchTests.swift */; };
		7695535B2B92AF700057360C /* GameImage.swift in Sources */ = {isa = PBXBuildFile; fileRef = 7695535A2B92AF700057360C /* GameImage.swift */; };
		7695535D2B92B0030057360C /* StepperItem.swift in Sources */ = {isa = PBXBuildFile; fileRef = 7695535C2B92B0030057360C /* StepperItem.swift */; };
		7695535E2B92B0030057360C /* StepperItem.swift in Sources */ = {isa = PBXBuildFile; fileRef = 7695535C2B92B0030057360C /* StepperItem.swift */; };
		7695535F2B92B0030057360C /* StepperItem.swift in Sources */ = {isa = PBXBuildFile; fileRef = 7695535C2B92B0030057360C /* StepperItem.swift */; };
		769553612B92B0740057360C /* GameSettings.swift in Sources */ = {isa = PBXBuildFile; fileRef = 769553602B92B0740057360C /* GameSettings.swift */; };
		769553622B92B0750057360C /* GameSettings.swift in Sources */ = {isa = PBXBuildFile; fileRef = 769553602B92B0740057360C /* GameSettings.swift */; };
		769553632B92B0750057360C /* GameSettings.swift in Sources */ = {isa = PBXBuildFile; fileRef = 769553602B92B0740057360C /* GameSettings.swift */; };
		769553652B92B0A90057360C /* SettingsView.swift in Sources */ = {isa = PBXBuildFile; fileRef = 769553642B92B0A80057360C /* SettingsView.swift */; };
		769553662B92B0A90057360C /* SettingsView.swift in Sources */ = {isa = PBXBuildFile; fileRef = 769553642B92B0A80057360C /* SettingsView.swift */; };
		769553672B92B0A90057360C /* SettingsView.swift in Sources */ = {isa = PBXBuildFile; fileRef = 769553642B92B0A80057360C /* SettingsView.swift */; };
		769553692B92B5340057360C /* GameView.swift in Sources */ = {isa = PBXBuildFile; fileRef = 769553682B92B5340057360C /* GameView.swift */; };
		7695536A2B92B5340057360C /* GameView.swift in Sources */ = {isa = PBXBuildFile; fileRef = 769553682B92B5340057360C /* GameView.swift */; };
		7695536B2B92B5340057360C /* GameView.swift in Sources */ = {isa = PBXBuildFile; fileRef = 769553682B92B5340057360C /* GameView.swift */; };
		7695536D2B92BB3A0057360C /* GameBoard.swift in Sources */ = {isa = PBXBuildFile; fileRef = 7695536C2B92BB3A0057360C /* GameBoard.swift */; };
		7695536E2B92BB3A0057360C /* GameBoard.swift in Sources */ = {isa = PBXBuildFile; fileRef = 7695536C2B92BB3A0057360C /* GameBoard.swift */; };
		7695536F2B92BB3A0057360C /* GameBoard.swift in Sources */ = {isa = PBXBuildFile; fileRef = 7695536C2B92BB3A0057360C /* GameBoard.swift */; };
/* End PBXBuildFile section */

/* Begin PBXContainerItemProxy section */
		7695533E2B92AE970057360C /* PBXContainerItemProxy */ = {
			isa = PBXContainerItemProxy;
			containerPortal = 769553252B92AE950057360C /* Project object */;
			proxyType = 1;
			remoteGlobalIDString = 7695532C2B92AE950057360C;
			remoteInfo = Lab77;
		};
		769553482B92AE970057360C /* PBXContainerItemProxy */ = {
			isa = PBXContainerItemProxy;
			containerPortal = 769553252B92AE950057360C /* Project object */;
			proxyType = 1;
			remoteGlobalIDString = 7695532C2B92AE950057360C;
			remoteInfo = Lab77;
		};
/* End PBXContainerItemProxy section */

/* Begin PBXFileReference section */
		7695532D2B92AE950057360C /* Lab77.app */ = {isa = PBXFileReference; explicitFileType = wrapper.application; includeInIndex = 0; path = Lab77.app; sourceTree = BUILT_PRODUCTS_DIR; };
		769553302B92AE950057360C /* Lab77App.swift */ = {isa = PBXFileReference; lastKnownFileType = sourcecode.swift; path = Lab77App.swift; sourceTree = "<group>"; };
		769553322B92AE950057360C /* ContentView.swift */ = {isa = PBXFileReference; lastKnownFileType = sourcecode.swift; path = ContentView.swift; sourceTree = "<group>"; };
		769553342B92AE970057360C /* Assets.xcassets */ = {isa = PBXFileReference; lastKnownFileType = folder.assetcatalog; path = Assets.xcassets; sourceTree = "<group>"; };
		769553372B92AE970057360C /* Preview Assets.xcassets */ = {isa = PBXFileReference; lastKnownFileType = folder.assetcatalog; path = "Preview Assets.xcassets"; sourceTree = "<group>"; };
		7695533D2B92AE970057360C /* Lab77Tests.xctest */ = {isa = PBXFileReference; explicitFileType = wrapper.cfbundle; includeInIndex = 0; path = Lab77Tests.xctest; sourceTree = BUILT_PRODUCTS_DIR; };
		769553412B92AE970057360C /* Lab77Tests.swift */ = {isa = PBXFileReference; lastKnownFileType = sourcecode.swift; path = Lab77Tests.swift; sourceTree = "<group>"; };
		769553472B92AE970057360C /* Lab77UITests.xctest */ = {isa = PBXFileReference; explicitFileType = wrapper.cfbundle; includeInIndex = 0; path = Lab77UITests.xctest; sourceTree = BUILT_PRODUCTS_DIR; };
		7695534B2B92AE970057360C /* Lab77UITests.swift */ = {isa = PBXFileReference; lastKnownFileType = sourcecode.swift; path = Lab77UITests.swift; sourceTree = "<group>"; };
		7695534D2B92AE970057360C /* Lab77UITestsLaunchTests.swift */ = {isa = PBXFileReference; lastKnownFileType = sourcecode.swift; path = Lab77UITestsLaunchTests.swift; sourceTree = "<group>"; };
		7695535A2B92AF700057360C /* GameImage.swift */ = {isa = PBXFileReference; lastKnownFileType = sourcecode.swift; path = GameImage.swift; sourceTree = "<group>"; };
		7695535C2B92B0030057360C /* StepperItem.swift */ = {isa = PBXFileReference; lastKnownFileType = sourcecode.swift; path = StepperItem.swift; sourceTree = "<group>"; };
		769553602B92B0740057360C /* GameSettings.swift */ = {isa = PBXFileReference; lastKnownFileType = sourcecode.swift; path = GameSettings.swift; sourceTree = "<group>"; };
		769553642B92B0A80057360C /* SettingsView.swift */ = {isa = PBXFileReference; lastKnownFileType = sourcecode.swift; path = SettingsView.swift; sourceTree = "<group>"; };
		769553682B92B5340057360C /* GameView.swift */ = {isa = PBXFileReference; lastKnownFileType = sourcecode.swift; path = GameView.swift; sourceTree = "<group>"; };
		7695536C2B92BB3A0057360C /* GameBoard.swift */ = {isa = PBXFileReference; lastKnownFileType = sourcecode.swift; path = GameBoard.swift; sourceTree = "<group>"; };
/* End PBXFileReference section */

/* Begin PBXFrameworksBuildPhase section */
		7695532A2B92AE950057360C /* Frameworks */ = {
			isa = PBXFrameworksBuildPhase;
			buildActionMask = 2147483647;
			files = (
			);
			runOnlyForDeploymentPostprocessing = 0;
		};
		7695533A2B92AE970057360C /* Frameworks */ = {
			isa = PBXFrameworksBuildPhase;
			buildActionMask = 2147483647;
			files = (
			);
			runOnlyForDeploymentPostprocessing = 0;
		};
		769553442B92AE970057360C /* Frameworks */ = {
			isa = PBXFrameworksBuildPhase;
			buildActionMask = 2147483647;
			files = (
			);
			runOnlyForDeploymentPostprocessing = 0;
		};
/* End PBXFrameworksBuildPhase section */

/* Begin PBXGroup section */
		769553242B92AE950057360C = {
			isa = PBXGroup;
			children = (
				7695532F2B92AE950057360C /* Lab77 */,
				769553402B92AE970057360C /* Lab77Tests */,
				7695534A2B92AE970057360C /* Lab77UITests */,
				7695532E2B92AE950057360C /* Products */,
			);
			sourceTree = "<group>";
		};
		7695532E2B92AE950057360C /* Products */ = {
			isa = PBXGroup;
			children = (
				7695532D2B92AE950057360C /* Lab77.app */,
				7695533D2B92AE970057360C /* Lab77Tests.xctest */,
				769553472B92AE970057360C /* Lab77UITests.xctest */,
			);
			name = Products;
			sourceTree = "<group>";
		};
		7695532F2B92AE950057360C /* Lab77 */ = {
			isa = PBXGroup;
			children = (
				769553302B92AE950057360C /* Lab77App.swift */,
				769553322B92AE950057360C /* ContentView.swift */,
				769553682B92B5340057360C /* GameView.swift */,
				7695536C2B92BB3A0057360C /* GameBoard.swift */,
				7695535A2B92AF700057360C /* GameImage.swift */,
				7695535C2B92B0030057360C /* StepperItem.swift */,
				769553602B92B0740057360C /* GameSettings.swift */,
				769553642B92B0A80057360C /* SettingsView.swift */,
				769553342B92AE970057360C /* Assets.xcassets */,
				769553362B92AE970057360C /* Preview Content */,
			);
			path = Lab77;
			sourceTree = "<group>";
		};
		769553362B92AE970057360C /* Preview Content */ = {
			isa = PBXGroup;
			children = (
				769553372B92AE970057360C /* Preview Assets.xcassets */,
			);
			path = "Preview Content";
			sourceTree = "<group>";
		};
		769553402B92AE970057360C /* Lab77Tests */ = {
			isa = PBXGroup;
			children = (
				769553412B92AE970057360C /* Lab77Tests.swift */,
			);
			path = Lab77Tests;
			sourceTree = "<group>";
		};
		7695534A2B92AE970057360C /* Lab77UITests */ = {
			isa = PBXGroup;
			children = (
				7695534B2B92AE970057360C /* Lab77UITests.swift */,
				7695534D2B92AE970057360C /* Lab77UITestsLaunchTests.swift */,
			);
			path = Lab77UITests;
			sourceTree = "<group>";
		};
/* End PBXGroup section */

/* Begin PBXNativeTarget section */
		7695532C2B92AE950057360C /* Lab77 */ = {
			isa = PBXNativeTarget;
			buildConfigurationList = 769553512B92AE970057360C /* Build configuration list for PBXNativeTarget "Lab77" */;
			buildPhases = (
				769553292B92AE950057360C /* Sources */,
				7695532A2B92AE950057360C /* Frameworks */,
				7695532B2B92AE950057360C /* Resources */,
			);
			buildRules = (
			);
			dependencies = (
			);
			name = Lab77;
			productName = Lab77;
			productReference = 7695532D2B92AE950057360C /* Lab77.app */;
			productType = "com.apple.product-type.application";
		};
		7695533C2B92AE970057360C /* Lab77Tests */ = {
			isa = PBXNativeTarget;
			buildConfigurationList = 769553542B92AE970057360C /* Build configuration list for PBXNativeTarget "Lab77Tests" */;
			buildPhases = (
				769553392B92AE970057360C /* Sources */,
				7695533A2B92AE970057360C /* Frameworks */,
				7695533B2B92AE970057360C /* Resources */,
			);
			buildRules = (
			);
			dependencies = (
				7695533F2B92AE970057360C /* PBXTargetDependency */,
			);
			name = Lab77Tests;
			productName = Lab77Tests;
			productReference = 7695533D2B92AE970057360C /* Lab77Tests.xctest */;
			productType = "com.apple.product-type.bundle.unit-test";
		};
		769553462B92AE970057360C /* Lab77UITests */ = {
			isa = PBXNativeTarget;
			buildConfigurationList = 769553572B92AE970057360C /* Build configuration list for PBXNativeTarget "Lab77UITests" */;
			buildPhases = (
				769553432B92AE970057360C /* Sources */,
				769553442B92AE970057360C /* Frameworks */,
				769553452B92AE970057360C /* Resources */,
			);
			buildRules = (
			);
			dependencies = (
				769553492B92AE970057360C /* PBXTargetDependency */,
			);
			name = Lab77UITests;
			productName = Lab77UITests;
			productReference = 769553472B92AE970057360C /* Lab77UITests.xctest */;
			productType = "com.apple.product-type.bundle.ui-testing";
		};
/* End PBXNativeTarget section */

/* Begin PBXProject section */
		769553252B92AE950057360C /* Project object */ = {
			isa = PBXProject;
			attributes = {
				BuildIndependentTargetsInParallel = 1;
				LastSwiftUpdateCheck = 1520;
				LastUpgradeCheck = 1520;
				TargetAttributes = {
					7695532C2B92AE950057360C = {
						CreatedOnToolsVersion = 15.2;
					};
					7695533C2B92AE970057360C = {
						CreatedOnToolsVersion = 15.2;
						TestTargetID = 7695532C2B92AE950057360C;
					};
					769553462B92AE970057360C = {
						CreatedOnToolsVersion = 15.2;
						TestTargetID = 7695532C2B92AE950057360C;
					};
				};
			};
			buildConfigurationList = 769553282B92AE950057360C /* Build configuration list for PBXProject "Lab77" */;
			compatibilityVersion = "Xcode 14.0";
			developmentRegion = en;
			hasScannedForEncodings = 0;
			knownRegions = (
				en,
				Base,
			);
			mainGroup = 769553242B92AE950057360C;
			productRefGroup = 7695532E2B92AE950057360C /* Products */;
			projectDirPath = "";
			projectRoot = "";
			targets = (
				7695532C2B92AE950057360C /* Lab77 */,
				7695533C2B92AE970057360C /* Lab77Tests */,
				769553462B92AE970057360C /* Lab77UITests */,
			);
		};
/* End PBXProject section */

/* Begin PBXResourcesBuildPhase section */
		7695532B2B92AE950057360C /* Resources */ = {
			isa = PBXResourcesBuildPhase;
			buildActionMask = 2147483647;
			files = (
				769553382B92AE970057360C /* Preview Assets.xcassets in Resources */,
				769553352B92AE970057360C /* Assets.xcassets in Resources */,
			);
			runOnlyForDeploymentPostprocessing = 0;
		};
		7695533B2B92AE970057360C /* Resources */ = {
			isa = PBXResourcesBuildPhase;
			buildActionMask = 2147483647;
			files = (
			);
			runOnlyForDeploymentPostprocessing = 0;
		};
		769553452B92AE970057360C /* Resources */ = {
			isa = PBXResourcesBuildPhase;
			buildActionMask = 2147483647;
			files = (
			);
			runOnlyForDeploymentPostprocessing = 0;
		};
/* End PBXResourcesBuildPhase section */

/* Begin PBXSourcesBuildPhase section */
		769553292B92AE950057360C /* Sources */ = {
			isa = PBXSourcesBuildPhase;
			buildActionMask = 2147483647;
			files = (
				7695535B2B92AF700057360C /* GameImage.swift in Sources */,
				769553332B92AE950057360C /* ContentView.swift in Sources */,
				769553612B92B0740057360C /* GameSettings.swift in Sources */,
				769553652B92B0A90057360C /* SettingsView.swift in Sources */,
				7695536D2B92BB3A0057360C /* GameBoard.swift in Sources */,
				7695535D2B92B0030057360C /* StepperItem.swift in Sources */,
				769553312B92AE950057360C /* Lab77App.swift in Sources */,
				769553692B92B5340057360C /* GameView.swift in Sources */,
			);
			runOnlyForDeploymentPostprocessing = 0;
		};
		769553392B92AE970057360C /* Sources */ = {
			isa = PBXSourcesBuildPhase;
			buildActionMask = 2147483647;
			files = (
				7695535E2B92B0030057360C /* StepperItem.swift in Sources */,
				769553662B92B0A90057360C /* SettingsView.swift in Sources */,
				769553422B92AE970057360C /* Lab77Tests.swift in Sources */,
				769553622B92B0750057360C /* GameSettings.swift in Sources */,
				7695536E2B92BB3A0057360C /* GameBoard.swift in Sources */,
				7695536A2B92B5340057360C /* GameView.swift in Sources */,
			);
			runOnlyForDeploymentPostprocessing = 0;
		};
		769553432B92AE970057360C /* Sources */ = {
			isa = PBXSourcesBuildPhase;
			buildActionMask = 2147483647;
			files = (
				769553672B92B0A90057360C /* SettingsView.swift in Sources */,
				769553632B92B0750057360C /* GameSettings.swift in Sources */,
				7695534E2B92AE970057360C /* Lab77UITestsLaunchTests.swift in Sources */,
				7695536F2B92BB3A0057360C /* GameBoard.swift in Sources */,
				7695534C2B92AE970057360C /* Lab77UITests.swift in Sources */,
				7695536B2B92B5340057360C /* GameView.swift in Sources */,
				7695535F2B92B0030057360C /* StepperItem.swift in Sources */,
			);
			runOnlyForDeploymentPostprocessing = 0;
		};
/* End PBXSourcesBuildPhase section */

/* Begin PBXTargetDependency section */
		7695533F2B92AE970057360C /* PBXTargetDependency */ = {
			isa = PBXTargetDependency;
			target = 7695532C2B92AE950057360C /* Lab77 */;
			targetProxy = 7695533E2B92AE970057360C /* PBXContainerItemProxy */;
		};
		769553492B92AE970057360C /* PBXTargetDependency */ = {
			isa = PBXTargetDependency;
			target = 7695532C2B92AE950057360C /* Lab77 */;
			targetProxy = 769553482B92AE970057360C /* PBXContainerItemProxy */;
		};
/* End PBXTargetDependency section */

/* Begin XCBuildConfiguration section */
		7695534F2B92AE970057360C /* Debug */ = {
			isa = XCBuildConfiguration;
			buildSettings = {
				ALWAYS_SEARCH_USER_PATHS = NO;
				ASSETCATALOG_COMPILER_GENERATE_SWIFT_ASSET_SYMBOL_EXTENSIONS = YES;
				CLANG_ANALYZER_NONNULL = YES;
				CLANG_ANALYZER_NUMBER_OBJECT_CONVERSION = YES_AGGRESSIVE;
				CLANG_CXX_LANGUAGE_STANDARD = "gnu++20";
				CLANG_ENABLE_MODULES = YES;
				CLANG_ENABLE_OBJC_ARC = YES;
				CLANG_ENABLE_OBJC_WEAK = YES;
				CLANG_WARN_BLOCK_CAPTURE_AUTORELEASING = YES;
				CLANG_WARN_BOOL_CONVERSION = YES;
				CLANG_WARN_COMMA = YES;
				CLANG_WARN_CONSTANT_CONVERSION = YES;
				CLANG_WARN_DEPRECATED_OBJC_IMPLEMENTATIONS = YES;
				CLANG_WARN_DIRECT_OBJC_ISA_USAGE = YES_ERROR;
				CLANG_WARN_DOCUMENTATION_COMMENTS = YES;
				CLANG_WARN_EMPTY_BODY = YES;
				CLANG_WARN_ENUM_CONVERSION = YES;
				CLANG_WARN_INFINITE_RECURSION = YES;
				CLANG_WARN_INT_CONVERSION = YES;
				CLANG_WARN_NON_LITERAL_NULL_CONVERSION = YES;
				CLANG_WARN_OBJC_IMPLICIT_RETAIN_SELF = YES;
				CLANG_WARN_OBJC_LITERAL_CONVERSION = YES;
				CLANG_WARN_OBJC_ROOT_CLASS = YES_ERROR;
				CLANG_WARN_QUOTED_INCLUDE_IN_FRAMEWORK_HEADER = YES;
				CLANG_WARN_RANGE_LOOP_ANALYSIS = YES;
				CLANG_WARN_STRICT_PROTOTYPES = YES;
				CLANG_WARN_SUSPICIOUS_MOVE = YES;
				CLANG_WARN_UNGUARDED_AVAILABILITY = YES_AGGRESSIVE;
				CLANG_WARN_UNREACHABLE_CODE = YES;
				CLANG_WARN__DUPLICATE_METHOD_MATCH = YES;
				COPY_PHASE_STRIP = NO;
				DEBUG_INFORMATION_FORMAT = dwarf;
				ENABLE_STRICT_OBJC_MSGSEND = YES;
				ENABLE_TESTABILITY = YES;
				ENABLE_USER_SCRIPT_SANDBOXING = YES;
				GCC_C_LANGUAGE_STANDARD = gnu17;
				GCC_DYNAMIC_NO_PIC = NO;
				GCC_NO_COMMON_BLOCKS = YES;
				GCC_OPTIMIZATION_LEVEL = 0;
				GCC_PREPROCESSOR_DEFINITIONS = (
					"DEBUG=1",
					"$(inherited)",
				);
				GCC_WARN_64_TO_32_BIT_CONVERSION = YES;
				GCC_WARN_ABOUT_RETURN_TYPE = YES_ERROR;
				GCC_WARN_UNDECLARED_SELECTOR = YES;
				GCC_WARN_UNINITIALIZED_AUTOS = YES_AGGRESSIVE;
				GCC_WARN_UNUSED_FUNCTION = YES;
				GCC_WARN_UNUSED_VARIABLE = YES;
				IPHONEOS_DEPLOYMENT_TARGET = 17.2;
				LOCALIZATION_PREFERS_STRING_CATALOGS = YES;
				MTL_ENABLE_DEBUG_INFO = INCLUDE_SOURCE;
				MTL_FAST_MATH = YES;
				ONLY_ACTIVE_ARCH = YES;
				SDKROOT = iphoneos;
				SWIFT_ACTIVE_COMPILATION_CONDITIONS = "DEBUG $(inherited)";
				SWIFT_OPTIMIZATION_LEVEL = "-Onone";
			};
			name = Debug;
		};
		769553502B92AE970057360C /* Release */ = {
			isa = XCBuildConfiguration;
			buildSettings = {
				ALWAYS_SEARCH_USER_PATHS = NO;
				ASSETCATALOG_COMPILER_GENERATE_SWIFT_ASSET_SYMBOL_EXTENSIONS = YES;
				CLANG_ANALYZER_NONNULL = YES;
				CLANG_ANALYZER_NUMBER_OBJECT_CONVERSION = YES_AGGRESSIVE;
				CLANG_CXX_LANGUAGE_STANDARD = "gnu++20";
				CLANG_ENABLE_MODULES = YES;
				CLANG_ENABLE_OBJC_ARC = YES;
				CLANG_ENABLE_OBJC_WEAK = YES;
				CLANG_WARN_BLOCK_CAPTURE_AUTORELEASING = YES;
				CLANG_WARN_BOOL_CONVERSION = YES;
				CLANG_WARN_COMMA = YES;
				CLANG_WARN_CONSTANT_CONVERSION = YES;
				CLANG_WARN_DEPRECATED_OBJC_IMPLEMENTATIONS = YES;
				CLANG_WARN_DIRECT_OBJC_ISA_USAGE = YES_ERROR;
				CLANG_WARN_DOCUMENTATION_COMMENTS = YES;
				CLANG_WARN_EMPTY_BODY = YES;
				CLANG_WARN_ENUM_CONVERSION = YES;
				CLANG_WARN_INFINITE_RECURSION = YES;
				CLANG_WARN_INT_CONVERSION = YES;
				CLANG_WARN_NON_LITERAL_NULL_CONVERSION = YES;
				CLANG_WARN_OBJC_IMPLICIT_RETAIN_SELF = YES;
				CLANG_WARN_OBJC_LITERAL_CONVERSION = YES;
				CLANG_WARN_OBJC_ROOT_CLASS = YES_ERROR;
				CLANG_WARN_QUOTED_INCLUDE_IN_FRAMEWORK_HEADER = YES;
				CLANG_WARN_RANGE_LOOP_ANALYSIS = YES;
				CLANG_WARN_STRICT_PROTOTYPES = YES;
				CLANG_WARN_SUSPICIOUS_MOVE = YES;
				CLANG_WARN_UNGUARDED_AVAILABILITY = YES_AGGRESSIVE;
				CLANG_WARN_UNREACHABLE_CODE = YES;
				CLANG_WARN__DUPLICATE_METHOD_MATCH = YES;
				COPY_PHASE_STRIP = NO;
				DEBUG_INFORMATION_FORMAT = "dwarf-with-dsym";
				ENABLE_NS_ASSERTIONS = NO;
				ENABLE_STRICT_OBJC_MSGSEND = YES;
				ENABLE_USER_SCRIPT_SANDBOXING = YES;
				GCC_C_LANGUAGE_STANDARD = gnu17;
				GCC_NO_COMMON_BLOCKS = YES;
				GCC_WARN_64_TO_32_BIT_CONVERSION = YES;
				GCC_WARN_ABOUT_RETURN_TYPE = YES_ERROR;
				GCC_WARN_UNDECLARED_SELECTOR = YES;
				GCC_WARN_UNINITIALIZED_AUTOS = YES_AGGRESSIVE;
				GCC_WARN_UNUSED_FUNCTION = YES;
				GCC_WARN_UNUSED_VARIABLE = YES;
				IPHONEOS_DEPLOYMENT_TARGET = 17.2;
				LOCALIZATION_PREFERS_STRING_CATALOGS = YES;
				MTL_ENABLE_DEBUG_INFO = NO;
				MTL_FAST_MATH = YES;
				SDKROOT = iphoneos;
				SWIFT_COMPILATION_MODE = wholemodule;
				VALIDATE_PRODUCT = YES;
			};
			name = Release;
		};
		769553522B92AE970057360C /* Debug */ = {
			isa = XCBuildConfiguration;
			buildSettings = {
				ASSETCATALOG_COMPILER_APPICON_NAME = AppIcon;
				ASSETCATALOG_COMPILER_GLOBAL_ACCENT_COLOR_NAME = AccentColor;
				CODE_SIGN_STYLE = Automatic;
				CURRENT_PROJECT_VERSION = 1;
				DEVELOPMENT_ASSET_PATHS = "\"Lab77/Preview Content\"";
				ENABLE_PREVIEWS = YES;
				GENERATE_INFOPLIST_FILE = YES;
				INFOPLIST_KEY_UIApplicationSceneManifest_Generation = YES;
				INFOPLIST_KEY_UIApplicationSupportsIndirectInputEvents = YES;
				INFOPLIST_KEY_UILaunchScreen_Generation = YES;
				INFOPLIST_KEY_UISupportedInterfaceOrientations_iPad = "UIInterfaceOrientationPortrait UIInterfaceOrientationPortraitUpsideDown UIInterfaceOrientationLandscapeLeft UIInterfaceOrientationLandscapeRight";
				INFOPLIST_KEY_UISupportedInterfaceOrientations_iPhone = "UIInterfaceOrientationPortrait UIInterfaceOrientationLandscapeLeft UIInterfaceOrientationLandscapeRight";
				LD_RUNPATH_SEARCH_PATHS = (
					"$(inherited)",
					"@executable_path/Frameworks",
				);
				MARKETING_VERSION = 1.0;
				PRODUCT_BUNDLE_IDENTIFIER = ca.camosun.ics.Lab77;
				PRODUCT_NAME = "$(TARGET_NAME)";
				SWIFT_EMIT_LOC_STRINGS = YES;
				SWIFT_VERSION = 5.0;
				TARGETED_DEVICE_FAMILY = "1,2";
			};
			name = Debug;
		};
		769553532B92AE970057360C /* Release */ = {
			isa = XCBuildConfiguration;
			buildSettings = {
				ASSETCATALOG_COMPILER_APPICON_NAME = AppIcon;
				ASSETCATALOG_COMPILER_GLOBAL_ACCENT_COLOR_NAME = AccentColor;
				CODE_SIGN_STYLE = Automatic;
				CURRENT_PROJECT_VERSION = 1;
				DEVELOPMENT_ASSET_PATHS = "\"Lab77/Preview Content\"";
				ENABLE_PREVIEWS = YES;
				GENERATE_INFOPLIST_FILE = YES;
				INFOPLIST_KEY_UIApplicationSceneManifest_Generation = YES;
				INFOPLIST_KEY_UIApplicationSupportsIndirectInputEvents = YES;
				INFOPLIST_KEY_UILaunchScreen_Generation = YES;
				INFOPLIST_KEY_UISupportedInterfaceOrientations_iPad = "UIInterfaceOrientationPortrait UIInterfaceOrientationPortraitUpsideDown UIInterfaceOrientationLandscapeLeft UIInterfaceOrientationLandscapeRight";
				INFOPLIST_KEY_UISupportedInterfaceOrientations_iPhone = "UIInterfaceOrientationPortrait UIInterfaceOrientationLandscapeLeft UIInterfaceOrientationLandscapeRight";
				LD_RUNPATH_SEARCH_PATHS = (
					"$(inherited)",
					"@executable_path/Frameworks",
				);
				MARKETING_VERSION = 1.0;
				PRODUCT_BUNDLE_IDENTIFIER = ca.camosun.ics.Lab77;
				PRODUCT_NAME = "$(TARGET_NAME)";
				SWIFT_EMIT_LOC_STRINGS = YES;
				SWIFT_VERSION = 5.0;
				TARGETED_DEVICE_FAMILY = "1,2";
			};
			name = Release;
		};
		769553552B92AE970057360C /* Debug */ = {
			isa = XCBuildConfiguration;
			buildSettings = {
				ALWAYS_EMBED_SWIFT_STANDARD_LIBRARIES = YES;
				BUNDLE_LOADER = "$(TEST_HOST)";
				CODE_SIGN_STYLE = Automatic;
				CURRENT_PROJECT_VERSION = 1;
				GENERATE_INFOPLIST_FILE = YES;
				IPHONEOS_DEPLOYMENT_TARGET = 17.2;
				MARKETING_VERSION = 1.0;
				PRODUCT_BUNDLE_IDENTIFIER = ca.camosun.ics.Lab77Tests;
				PRODUCT_NAME = "$(TARGET_NAME)";
				SWIFT_EMIT_LOC_STRINGS = NO;
				SWIFT_VERSION = 5.0;
				TARGETED_DEVICE_FAMILY = "1,2";
				TEST_HOST = "$(BUILT_PRODUCTS_DIR)/Lab77.app/$(BUNDLE_EXECUTABLE_FOLDER_PATH)/Lab77";
			};
			name = Debug;
		};
		769553562B92AE970057360C /* Release */ = {
			isa = XCBuildConfiguration;
			buildSettings = {
				ALWAYS_EMBED_SWIFT_STANDARD_LIBRARIES = YES;
				BUNDLE_LOADER = "$(TEST_HOST)";
				CODE_SIGN_STYLE = Automatic;
				CURRENT_PROJECT_VERSION = 1;
				GENERATE_INFOPLIST_FILE = YES;
				IPHONEOS_DEPLOYMENT_TARGET = 17.2;
				MARKETING_VERSION = 1.0;
				PRODUCT_BUNDLE_IDENTIFIER = ca.camosun.ics.Lab77Tests;
				PRODUCT_NAME = "$(TARGET_NAME)";
				SWIFT_EMIT_LOC_STRINGS = NO;
				SWIFT_VERSION = 5.0;
				TARGETED_DEVICE_FAMILY = "1,2";
				TEST_HOST = "$(BUILT_PRODUCTS_DIR)/Lab77.app/$(BUNDLE_EXECUTABLE_FOLDER_PATH)/Lab77";
			};
			name = Release;
		};
		769553582B92AE970057360C /* Debug */ = {
			isa = XCBuildConfiguration;
			buildSettings = {
				ALWAYS_EMBED_SWIFT_STANDARD_LIBRARIES = YES;
				CODE_SIGN_STYLE = Automatic;
				CURRENT_PROJECT_VERSION = 1;
				GENERATE_INFOPLIST_FILE = YES;
				MARKETING_VERSION = 1.0;
				PRODUCT_BUNDLE_IDENTIFIER = ca.camosun.ics.Lab77UITests;
				PRODUCT_NAME = "$(TARGET_NAME)";
				SWIFT_EMIT_LOC_STRINGS = NO;
				SWIFT_VERSION = 5.0;
				TARGETED_DEVICE_FAMILY = "1,2";
				TEST_TARGET_NAME = Lab77;
			};
			name = Debug;
		};
		769553592B92AE970057360C /* Release */ = {
			isa = XCBuildConfiguration;
			buildSettings = {
				ALWAYS_EMBED_SWIFT_STANDARD_LIBRARIES = YES;
				CODE_SIGN_STYLE = Automatic;
				CURRENT_PROJECT_VERSION = 1;
				GENERATE_INFOPLIST_FILE = YES;
				MARKETING_VERSION = 1.0;
				PRODUCT_BUNDLE_IDENTIFIER = ca.camosun.ics.Lab77UITests;
				PRODUCT_NAME = "$(TARGET_NAME)";
				SWIFT_EMIT_LOC_STRINGS = NO;
				SWIFT_VERSION = 5.0;
				TARGETED_DEVICE_FAMILY = "1,2";
				TEST_TARGET_NAME = Lab77;
			};
			name = Release;
		};
/* End XCBuildConfiguration section */

/* Begin XCConfigurationList section */
		769553282B92AE950057360C /* Build configuration list for PBXProject "Lab77" */ = {
			isa = XCConfigurationList;
			buildConfigurations = (
				7695534F2B92AE970057360C /* Debug */,
				769553502B92AE970057360C /* Release */,
			);
			defaultConfigurationIsVisible = 0;
			defaultConfigurationName = Release;
		};
		769553512B92AE970057360C /* Build configuration list for PBXNativeTarget "Lab77" */ = {
			isa = XCConfigurationList;
			buildConfigurations = (
				769553522B92AE970057360C /* Debug */,
				769553532B92AE970057360C /* Release */,
			);
			defaultConfigurationIsVisible = 0;
			defaultConfigurationName = Release;
		};
		769553542B92AE970057360C /* Build configuration list for PBXNativeTarget "Lab77Tests" */ = {
			isa = XCConfigurationList;
			buildConfigurations = (
				769553552B92AE970057360C /* Debug */,
				769553562B92AE970057360C /* Release */,
			);
			defaultConfigurationIsVisible = 0;
			defaultConfigurationName = Release;
		};
		769553572B92AE970057360C /* Build configuration list for PBXNativeTarget "Lab77UITests" */ = {
			isa = XCConfigurationList;
			buildConfigurations = (
				769553582B92AE970057360C /* Debug */,
				769553592B92AE970057360C /* Release */,
			);
			defaultConfigurationIsVisible = 0;
			defaultConfigurationName = Release;
		};
/* End XCConfigurationList section */
	};
	rootObject = 769553252B92AE950057360C /* Project object */;
}
